
Microsoft Visual Studio Solution File, Format Version 12.00
# Visual Studio Version 16
VisualStudioVersion = 16.0.29009.5
MinimumVisualStudioVersion = 10.0.40219.1
Project("{FAE04EC0-301F-11D3-BF4B-00C04F79EFBC}") = "TaskTracker", "TaskTracker\TaskTracker.csproj", "{43C62CA4-EB02-437B-8893-45D5DE3B8BC9}"
EndProject
Global
	GlobalSection(SolutionConfigurationPlatforms) = preSolution
		Debug|Any CPU = Debug|Any CPU
		Release|Any CPU = Release|Any CPU
	EndGlobalSection
	GlobalSection(ProjectConfigurationPlatforms) = postSolution
		{43C62CA4-EB02-437B-8893-45D5DE3B8BC9}.Debug|Any CPU.ActiveCfg = Debug|Any CPU
		{43C62CA4-EB02-437B-8893-45D5DE3B8BC9}.Debug|Any CPU.Build.0 = Debug|Any CPU
		{43C62CA4-EB02-437B-8893-45D5DE3B8BC9}.Release|Any CPU.ActiveCfg = Release|Any CPU
		{43C62CA4-EB02-437B-8893-45D5DE3B8BC9}.Release|Any CPU.Build.0 = Release|Any CPU
	EndGlobalSection
	GlobalSection(SolutionProperties) = preSolution
		HideSolutionNode = FALSE
	EndGlobalSection
	GlobalSection(ExtensibilityGlobals) = postSolution
		SolutionGuid = {A6CA8609-C6D0-40DE-9716-F14B21B5CA20}
	EndGlobalSection
EndGlobal
